{
  "name": "sim",
  "version": "1.0.0",
  "lockfileVersion": 1,
  "requires": true,
  "dependencies": {
    "@types/cannon": {
      "version": "0.1.3",
      "resolved": "https://registry.npmjs.org/@types/cannon/-/cannon-0.1.3.tgz",
      "integrity": "sha512-ErEYawe3rTNJXkkuGXmt2RR2A2coP36RHlpQVVvDIt4NwarVKVauiWvvu5YgSTkxyTzGVkS7cLxTLjMYT8MQ4A=="
    },
    "@types/three": {
      "version": "0.93.18",
      "resolved": "https://registry.npmjs.org/@types/three/-/three-0.93.18.tgz",
      "integrity": "sha512-aDijwVpbXalcw9gUu4q9VgnLcSIExBX5oPIuaOX1xVBiUJk66cp3G9ZYXKj5PKRRys6qqVx4thiZ97CMyehPRA=="
    },
    "cannon": {
      "version": "0.6.2",
      "resolved": "https://registry.npmjs.org/cannon/-/cannon-0.6.2.tgz",
      "integrity": "sha1-HnvHLdWEGYLzwQTCvFeL+k+xxXI="
    },
    "mobx": {
      "version": "5.9.0",
      "resolved": "https://registry.npmjs.org/mobx/-/mobx-5.9.0.tgz",
      "integrity": "sha512-D3mY1uM3H9BP5duk5tTanrOq92yqetYKsprPJWvkKDrbs+fro59xrpWX+vtr10YoLgJIFz+a4A8lI+4YtqmCUQ=="
    },
    "three": {
      "version": "0.100.0",
      "resolved": "https://registry.npmjs.org/three/-/three-0.100.0.tgz",
      "integrity": "sha512-/lN2rdE1OqIwJr4/HcSaOisiCY0uVA0sqPpbCG5nil2uICEdS0LfGwSVYTtZDsIpR76r3++h5H3Hzg5D+SJBRQ=="
    }
  }
}
